
Microsoft Visual Studio Solution File, Format Version 12.00
# Visual Studio 15
VisualStudioVersion = 15.0.28307.572
MinimumVisualStudioVersion = 10.0.40219.1
Project("{9A19103F-16F7-4668-BE54-9A1E7A4F7556}") = "csharp-sample", "csharp-sample\csharp-sample.csproj", "{BA9AAF52-8CED-473A-9E50-183BAB9B6CEC}"
EndProject
Project("{9A19103F-16F7-4668-BE54-9A1E7A4F7556}") = "csharp-sample-nunit", "csharp-sample-nunit\csharp-sample-nunit\csharp-sample-nunit.csproj", "{27B76B6F-7ECA-4018-BFB1-A650943946B6}"
EndProject
Project("{9A19103F-16F7-4668-BE54-9A1E7A4F7556}") = "csharp-sample-mstest", "csharp-sample-mstest\csharp-sample-mstest\csharp-sample-mstest.csproj", "{9B94686F-B0C4-4665-9DB3-DCBB525CE807}"
EndProject
Project("{FAE04EC0-301F-11D3-BF4B-00C04F79EFBC}") = "csharp-sample-xunit", "csharp-sample-xunit\csharp-sample-xunit\csharp-sample-xunit.csproj", "{C8B6CC2E-7EF9-48B6-829A-B1A8B8269CF9}"
EndProject
Global
	GlobalSection(SolutionConfigurationPlatforms) = preSolution
		Debug|Any CPU = Debug|Any CPU
		Release|Any CPU = Release|Any CPU
	EndGlobalSection
	GlobalSection(ProjectConfigurationPlatforms) = postSolution
		{BA9AAF52-8CED-473A-9E50-183BAB9B6CEC}.Debug|Any CPU.ActiveCfg = Debug|Any CPU
		{BA9AAF52-8CED-473A-9E50-183BAB9B6CEC}.Debug|Any CPU.Build.0 = Debug|Any CPU
		{BA9AAF52-8CED-473A-9E50-183BAB9B6CEC}.Release|Any CPU.ActiveCfg = Release|Any CPU
		{BA9AAF52-8CED-473A-9E50-183BAB9B6CEC}.Release|Any CPU.Build.0 = Release|Any CPU
		{27B76B6F-7ECA-4018-BFB1-A650943946B6}.Debug|Any CPU.ActiveCfg = Debug|Any CPU
		{27B76B6F-7ECA-4018-BFB1-A650943946B6}.Debug|Any CPU.Build.0 = Debug|Any CPU
		{27B76B6F-7ECA-4018-BFB1-A650943946B6}.Release|Any CPU.ActiveCfg = Release|Any CPU
		{27B76B6F-7ECA-4018-BFB1-A650943946B6}.Release|Any CPU.Build.0 = Release|Any CPU
		{9B94686F-B0C4-4665-9DB3-DCBB525CE807}.Debug|Any CPU.ActiveCfg = Debug|Any CPU
		{9B94686F-B0C4-4665-9DB3-DCBB525CE807}.Debug|Any CPU.Build.0 = Debug|Any CPU
		{9B94686F-B0C4-4665-9DB3-DCBB525CE807}.Release|Any CPU.ActiveCfg = Release|Any CPU
		{9B94686F-B0C4-4665-9DB3-DCBB525CE807}.Release|Any CPU.Build.0 = Release|Any CPU
		{C8B6CC2E-7EF9-48B6-829A-B1A8B8269CF9}.Debug|Any CPU.ActiveCfg = Debug|Any CPU
		{C8B6CC2E-7EF9-48B6-829A-B1A8B8269CF9}.Debug|Any CPU.Build.0 = Debug|Any CPU
		{C8B6CC2E-7EF9-48B6-829A-B1A8B8269CF9}.Release|Any CPU.ActiveCfg = Release|Any CPU
		{C8B6CC2E-7EF9-48B6-829A-B1A8B8269CF9}.Release|Any CPU.Build.0 = Release|Any CPU
	EndGlobalSection
	GlobalSection(SolutionProperties) = preSolution
		HideSolutionNode = FALSE
	EndGlobalSection
	GlobalSection(ExtensibilityGlobals) = postSolution
		SolutionGuid = {C36CF11E-FFCA-4D00-A43C-6CAFF0622B63}
	EndGlobalSection
EndGlobal
